{
  "name": "shitajicss",
  "version": "5.1.0",
  "lockfileVersion": 2,
  "requires": true,
  "packages": {
    "": {
      "version": "5.1.0",
      "license": "CC0-1.0",
      "devDependencies": {
        "clean-css": "^5.1.1"
      }
    },
    "node_modules/clean-css": {
      "version": "5.1.1",
      "resolved": "https://registry.npmjs.org/clean-css/-/clean-css-5.1.1.tgz",
      "integrity": "sha512-GQ6HdEyJN0543mRTA/TkZ7RPoMXGWKq1shs9H86F2kLuixR0RI+xd4JfhJxWUW08FGKQXTKAKpVjKQXu5zkFNA==",
      "dev": true,
      "dependencies": {
        "source-map": "~0.6.0"
      },
      "engines": {
        "node": ">= 10.0"
      }
    },
    "node_modules/source-map": {
      "version": "0.6.1",
      "resolved": "https://registry.npmjs.org/source-map/-/source-map-0.6.1.tgz",
      "integrity": "sha512-UjgapumWlbMhkBgzT7Ykc5YXUT46F0iKu8SGXq0bcwP5dz/h0Plj6enJqjz1Zbq2l5WaqYnrVbwWOWMyF3F47g==",
      "dev": true,
      "engines": {
        "node": ">=0.10.0"
      }
    }
  },
  "dependencies": {
    "clean-css": {
      "version": "5.1.1",
      "resolved": "https://registry.npmjs.org/clean-css/-/clean-css-5.1.1.tgz",
      "integrity": "sha512-GQ6HdEyJN0543mRTA/TkZ7RPoMXGWKq1shs9H86F2kLuixR0RI+xd4JfhJxWUW08FGKQXTKAKpVjKQXu5zkFNA==",
      "dev": true,
      "requires": {
        "source-map": "~0.6.0"
      }
    },
    "source-map": {
      "version": "0.6.1",
      "resolved": "https://registry.npmjs.org/source-map/-/source-map-0.6.1.tgz",
      "integrity": "sha512-UjgapumWlbMhkBgzT7Ykc5YXUT46F0iKu8SGXq0bcwP5dz/h0Plj6enJqjz1Zbq2l5WaqYnrVbwWOWMyF3F47g==",
      "dev": true
    }
  }
}
